<?xml version="1.0" encoding="utf-8"?>
<Project ToolsVersion="4.0" xmlns="http://schemas.microsoft.com/developer/msbuild/2003">
  <ItemGroup>
    <Filter Include="99.Default">
      <UniqueIdentifier>{41e353b7-f955-429b-af3b-cefa648c93a1}</UniqueIdentifier>
    </Filter>
    <Filter Include="00.MainApp">
      <UniqueIdentifier>{032dc318-8ea3-4f92-9939-edcbfa8ff06c}</UniqueIdentifier>
    </Filter>
    <Filter Include="98.Headers">
      <UniqueIdentifier>{750fc4b1-c706-4b7b-ac42-9ecc18fe9c69}</UniqueIdentifier>
    </Filter>
    <Filter Include="01.Scene">
      <UniqueIdentifier>{11cbe71e-0269-44b0-919e-5fbc4deeb3c6}</UniqueIdentifier>
    </Filter>
    <Filter Include="01.Scene\00.Logo">
      <UniqueIdentifier>{0620ad4e-74e4-49ef-b59c-4026602883da}</UniqueIdentifier>
    </Filter>
    <Filter Include="01.Scene\01.Stage">
      <UniqueIdentifier>{e330d9d5-f46a-428e-8beb-5a23c0483f80}</UniqueIdentifier>
    </Filter>
    <Filter Include="02.GameObject">
      <UniqueIdentifier>{7df75f38-a6b3-4ed4-898b-0577fec2ef96}</UniqueIdentifier>
    </Filter>
    <Filter Include="02.GameObject\00.Player">
      <UniqueIdentifier>{5af2b3a4-1739-43c3-bd2e-70cff2b89c31}</UniqueIdentifier>
    </Filter>
    <Filter Include="02.GameObject\02.LogoBack">
      <UniqueIdentifier>{41fa388e-d35d-48cb-9700-d1e74400e86e}</UniqueIdentifier>
    </Filter>
    <Filter Include="02.GameObject\03.Camera">
      <UniqueIdentifier>{867a41bb-1ddd-49ad-ad63-c43694e804fc}</UniqueIdentifier>
    </Filter>
    <Filter Include="02.GameObject\04.Bullet">
      <UniqueIdentifier>{a5ad0130-6567-4cda-9b5a-84be63798f22}</UniqueIdentifier>
    </Filter>
    <Filter Include="02.GameObject\05.Monster">
      <UniqueIdentifier>{9f248697-2114-42bd-901c-b5ee66fd906d}</UniqueIdentifier>
    </Filter>
    <Filter Include="02.GameObject\99.UI">
      <UniqueIdentifier>{af78de8d-5e5e-405a-a912-37d3a7b8a282}</UniqueIdentifier>
    </Filter>
    <Filter Include="03.Observer">
      <UniqueIdentifier>{9b25728f-0336-4511-8f4d-c6c08e4c76b0}</UniqueIdentifier>
    </Filter>
    <Filter Include="03.Observer\00.CameraObserver">
      <UniqueIdentifier>{5eb79f9d-7589-4075-993f-650cc8c472e8}</UniqueIdentifier>
    </Filter>
    <Filter Include="03.Observer\01.PlayerObserver">
      <UniqueIdentifier>{67848676-db98-40c7-9161-3a5c37fda9cf}</UniqueIdentifier>
    </Filter>
    <Filter Include="02.GameObject\99.UI\00.Number">
      <UniqueIdentifier>{702dd57f-020f-49b3-935b-b77b54955a34}</UniqueIdentifier>
    </Filter>
    <Filter Include="02.GameObject\01.MapObject">
      <UniqueIdentifier>{3764b8b9-4905-4329-96fb-5e9bb7a90b84}</UniqueIdentifier>
    </Filter>
    <Filter Include="02.GameObject\01.MapObject\00.Terrain">
      <UniqueIdentifier>{1e8bfce0-2bb8-4ab8-a2fd-1a65ef0e2849}</UniqueIdentifier>
    </Filter>
    <Filter Include="02.GameObject\01.MapObject\00.Terrain\00.TerrainCube">
      <UniqueIdentifier>{a639ca57-0b00-4fab-bd06-0fe908bfc841}</UniqueIdentifier>
    </Filter>
    <Filter Include="02.GameObject\01.MapObject\00.Terrain\02.TerrainRect">
      <UniqueIdentifier>{5d1fceae-deaf-4720-8f1d-4d4cf6fd5ca7}</UniqueIdentifier>
    </Filter>
    <Filter Include="02.GameObject\01.MapObject\00.Terrain\01.TerrainWallCube">
      <UniqueIdentifier>{67e2b66f-42a2-48d6-a68b-1dcd02aa4eaa}</UniqueIdentifier>
    </Filter>
    <Filter Include="02.GameObject\01.MapObject\01.Object">
      <UniqueIdentifier>{d7f40ea0-ca7e-4d48-87d9-0ec883b60ca6}</UniqueIdentifier>
    </Filter>
    <Filter Include="02.GameObject\01.MapObject\01.Object\01.Elevator">
      <UniqueIdentifier>{51078eab-f0a0-4154-ba48-63e405610a94}</UniqueIdentifier>
    </Filter>
    <Filter Include="02.GameObject\01.MapObject\01.Object\00.Door">
      <UniqueIdentifier>{258afe6b-a693-4b65-82e4-d07e64af7ac2}</UniqueIdentifier>
    </Filter>
    <Filter Include="02.GameObject\01.MapObject\02.Skybox">
      <UniqueIdentifier>{234bc33b-5e4b-4fc3-873d-af308246adfd}</UniqueIdentifier>
    </Filter>
    <Filter Include="02.GameObject\99.UI\01.Aim">
      <UniqueIdentifier>{81c48dbf-2f76-452c-8644-0b3dc192203f}</UniqueIdentifier>
    </Filter>
    <Filter Include="02.GameObject\06.Weapon">
      <UniqueIdentifier>{a4d40683-0154-4f93-81b7-0b46cddbb7ed}</UniqueIdentifier>
    </Filter>
    <Filter Include="02.GameObject\06.Weapon\00.Revolver">
      <UniqueIdentifier>{00e78a05-926d-433d-af60-6feb64810df7}</UniqueIdentifier>
    </Filter>
    <Filter Include="02.GameObject\06.Weapon\01. SMG">
      <UniqueIdentifier>{bbadecbc-f28b-4194-af7b-6b827618818e}</UniqueIdentifier>
    </Filter>
    <Filter Include="02.GameObject\06.Weapon\02. Pump">
      <UniqueIdentifier>{31ea12ab-ea0b-457d-8a70-b430577ca44a}</UniqueIdentifier>
    </Filter>
    <Filter Include="02.GameObject\06.Weapon\03. Rocket">
      <UniqueIdentifier>{9e8378cd-9723-49b1-905c-59881153d1c3}</UniqueIdentifier>
    </Filter>
    <Filter Include="02.GameObject\99.UI\02.GaugeBar">
      <UniqueIdentifier>{ee77a21b-bfb1-413b-a65e-6a574697f4a1}</UniqueIdentifier>
    </Filter>
    <Filter Include="02.GameObject\99.UI\03.WeaponIcon">
      <UniqueIdentifier>{b95507a5-ab33-48d9-97bd-398571f62a72}</UniqueIdentifier>
    </Filter>
    <Filter Include="02.GameObject\00.Player\00. Player_Hand">
      <UniqueIdentifier>{ac776010-fcd6-4a05-98d0-543420771881}</UniqueIdentifier>
    </Filter>
    <Filter Include="02.GameObject\07.VFX">
      <UniqueIdentifier>{174ab000-7fb5-44c8-8e23-0180c941338e}</UniqueIdentifier>
    </Filter>
    <Filter Include="02.GameObject\07.VFX\00. Effect">
      <UniqueIdentifier>{8556c109-1b6a-4d96-ba19-ef1782172971}</UniqueIdentifier>
    </Filter>
    <Filter Include="02.GameObject\07.VFX\01. Particle">
      <UniqueIdentifier>{9d0d20fd-9152-4305-b4fe-ca14f799c083}</UniqueIdentifier>
    </Filter>
    <Filter Include="02.GameObject\07.VFX\00. Effect\00. BulletHole">
      <UniqueIdentifier>{8b7e5a5a-676e-4a1c-807d-fc432e414006}</UniqueIdentifier>
    </Filter>
    <Filter Include="02.GameObject\07.VFX\00. Effect\01. BulletHit">
      <UniqueIdentifier>{c6c73576-c3f4-4565-b370-443dbe00a20a}</UniqueIdentifier>
    </Filter>
    <Filter Include="02.GameObject\99.UI\04.HittedCircle">
      <UniqueIdentifier>{4a6e2f09-0a84-46b1-8712-230d87b3e2e3}</UniqueIdentifier>
    </Filter>
    <Filter Include="02.GameObject\01.MapObject\03.Trigger">
      <UniqueIdentifier>{fa707b78-51d8-4e1e-93fd-810d7907a9bd}</UniqueIdentifier>
    </Filter>
    <Filter Include="02.GameObject\07.VFX\00. Effect\02. BloodSplit">
      <UniqueIdentifier>{011aa31c-1d7a-44de-99e4-beda9535cbf1}</UniqueIdentifier>
    </Filter>
    <Filter Include="02.GameObject\07.VFX\00. Effect\02. BloodSplit\01.">
      <UniqueIdentifier>{f8dc5eeb-0c23-487b-8250-41c0508f6873}</UniqueIdentifier>
    </Filter>
    <Filter Include="02.GameObject\07.VFX\00. Effect\03. Smoke">
      <UniqueIdentifier>{cd966e24-c829-4690-b059-ae7ac0a3334d}</UniqueIdentifier>
    </Filter>
    <Filter Include="02.GameObject\07.VFX\00. Effect\04. Explosion">
      <UniqueIdentifier>{4ca2e502-7083-4fc5-aa74-0189a92cfc69}</UniqueIdentifier>
    </Filter>
    <Filter Include="02.GameObject\07.VFX\00. Effect\04. Explosion\01. Rocket">
      <UniqueIdentifier>{da2e04ad-d2eb-464f-a7ca-2b4a68b9b252}</UniqueIdentifier>
    </Filter>
    <Filter Include="02.GameObject\08.PickupItem">
      <UniqueIdentifier>{da40d98d-34ca-4122-a276-276eff6341cf}</UniqueIdentifier>
    </Filter>
    <Filter Include="97.SoundMgr">
      <UniqueIdentifier>{039d59e9-8395-49cd-9264-d9c4925c6b2d}</UniqueIdentifier>
    </Filter>
    <Filter Include="02.GameObject\07.VFX\00. Effect\05. Fireball">
      <UniqueIdentifier>{3d51311d-2a62-4005-8f4f-7b47ea1dfd01}</UniqueIdentifier>
    </Filter>
    <Filter Include="02.GameObject\07.VFX\00. Effect\06. Firewall">
      <UniqueIdentifier>{8291c120-fef1-4a43-a37d-3bea1db6c87a}</UniqueIdentifier>
    </Filter>
    <Filter Include="02.GameObject\05.Monster\00.OctaBrain">
      <UniqueIdentifier>{a4769a60-bc61-4ccf-9045-f0c47846274d}</UniqueIdentifier>
    </Filter>
    <Filter Include="02.GameObject\01.MapObject\01.Object\02.OneUseObject">
      <UniqueIdentifier>{c0ec9d23-c397-4013-a45a-b9b9e196d2a4}</UniqueIdentifier>
    </Filter>
    <Filter Include="02.GameObject\09.Boss">
      <UniqueIdentifier>{1b888b77-fc80-4fd4-9bac-f004d4f329b7}</UniqueIdentifier>
    </Filter>
    <Filter Include="02.GameObject\09.Boss\00. Overload">
      <UniqueIdentifier>{cab7b83d-f0d5-4477-9669-48804c960694}</UniqueIdentifier>
    </Filter>
    <Filter Include="02.GameObject\01.MapObject\01.Object\03.Rock">
      <UniqueIdentifier>{8be3bca0-92df-4a6c-a562-8117fa407457}</UniqueIdentifier>
    </Filter>
  </ItemGroup>
  <ItemGroup>
    <ClInclude Include="Client.h">
      <Filter>99.Default</Filter>
    </ClInclude>
    <ClInclude Include="Resource.h">
      <Filter>99.Default</Filter>
    </ClInclude>
    <ClInclude Include="targetver.h">
      <Filter>99.Default</Filter>
    </ClInclude>
    <ClInclude Include="stdafx.h">
      <Filter>99.Default</Filter>
    </ClInclude>
    <ClInclude Include="..\Codes\MainApp.h">
      <Filter>00.MainApp</Filter>
    </ClInclude>
    <ClInclude Include="..\Headers\Define.h">
      <Filter>98.Headers</Filter>
    </ClInclude>
    <ClInclude Include="..\Headers\Extern.h">
      <Filter>98.Headers</Filter>
    </ClInclude>
    <ClInclude Include="..\Headers\Function.h">
      <Filter>98.Headers</Filter>
    </ClInclude>
    <ClInclude Include="..\Headers\Struct.h">
      <Filter>98.Headers</Filter>
    </ClInclude>
    <ClInclude Include="..\Codes\Logo.h">
      <Filter>01.Scene\00.Logo</Filter>
    </ClInclude>
    <ClInclude Include="..\Codes\Stage.h">
      <Filter>01.Scene\01.Stage</Filter>
    </ClInclude>
    <ClInclude Include="..\Codes\SceneSelector.h">
      <Filter>01.Scene</Filter>
    </ClInclude>
    <ClInclude Include="..\Codes\Player.h">
      <Filter>02.GameObject\00.Player</Filter>
    </ClInclude>
    <ClInclude Include="..\Codes\Terrain.h">
      <Filter>02.GameObject\01.MapObject\00.Terrain</Filter>
    </ClInclude>
    <ClInclude Include="..\Codes\LogoBack.h">
      <Filter>02.GameObject\02.LogoBack</Filter>
    </ClInclude>
    <ClInclude Include="..\Codes\Camera.h">
      <Filter>02.GameObject\03.Camera</Filter>
    </ClInclude>
    <ClInclude Include="..\Headers\Functor.h">
      <Filter>98.Headers</Filter>
    </ClInclude>
    <ClInclude Include="..\Codes\Monster.h">
      <Filter>02.GameObject\05.Monster</Filter>
    </ClInclude>
    <ClInclude Include="..\Codes\Bullet.h">
      <Filter>02.GameObject\04.Bullet</Filter>
    </ClInclude>
    <ClInclude Include="..\Codes\TerrainCube.h">
      <Filter>02.GameObject\01.MapObject\00.Terrain\00.TerrainCube</Filter>
    </ClInclude>
    <ClInclude Include="..\Codes\TerrainRect.h">
      <Filter>02.GameObject\01.MapObject\00.Terrain\02.TerrainRect</Filter>
    </ClInclude>
    <ClInclude Include="..\Codes\TerrainWallCube.h">
      <Filter>02.GameObject\01.MapObject\00.Terrain\01.TerrainWallCube</Filter>
    </ClInclude>
    <ClInclude Include="..\Codes\UI.h">
      <Filter>02.GameObject\99.UI</Filter>
    </ClInclude>
    <ClInclude Include="..\Codes\CameraObserver.h">
      <Filter>03.Observer\00.CameraObserver</Filter>
    </ClInclude>
    <ClInclude Include="..\Codes\PlayerObserver.h">
      <Filter>03.Observer\01.PlayerObserver</Filter>
    </ClInclude>
    <ClInclude Include="..\Codes\Number.h">
      <Filter>02.GameObject\99.UI\00.Number</Filter>
    </ClInclude>
    <ClInclude Include="..\Codes\Door.h">
      <Filter>02.GameObject\01.MapObject\01.Object\00.Door</Filter>
    </ClInclude>
    <ClInclude Include="..\Codes\Elevator.h">
      <Filter>02.GameObject\01.MapObject\01.Object\01.Elevator</Filter>
    </ClInclude>
    <ClInclude Include="..\Codes\Weapon_Revolver.h">
      <Filter>02.GameObject\06.Weapon\00.Revolver</Filter>
    </ClInclude>
    <ClInclude Include="..\Codes\Weapon.h">
      <Filter>02.GameObject\06.Weapon</Filter>
    </ClInclude>
    <ClInclude Include="..\Codes\Weapon_SMG.h">
      <Filter>02.GameObject\06.Weapon\01. SMG</Filter>
    </ClInclude>
    <ClInclude Include="..\Codes\Raycast.h" />
    <ClInclude Include="..\Codes\Skybox.h">
      <Filter>02.GameObject\01.MapObject\02.Skybox</Filter>
    </ClInclude>
    <ClInclude Include="..\Codes\Aim.h">
      <Filter>02.GameObject\99.UI\01.Aim</Filter>
    </ClInclude>
    <ClInclude Include="..\Codes\Weapon_Pump.h">
      <Filter>02.GameObject\06.Weapon\02. Pump</Filter>
    </ClInclude>
    <ClInclude Include="..\Codes\Weapon_Rocket.h">
      <Filter>02.GameObject\06.Weapon\03. Rocket</Filter>
    </ClInclude>
    <ClInclude Include="..\Codes\GaugeBar.h">
      <Filter>02.GameObject\99.UI\02.GaugeBar</Filter>
    </ClInclude>
    <ClInclude Include="..\Codes\WeaponIcon.h">
      <Filter>02.GameObject\99.UI\03.WeaponIcon</Filter>
    </ClInclude>
    <ClInclude Include="..\Codes\Player_Hand.h">
      <Filter>02.GameObject\00.Player\00. Player_Hand</Filter>
    </ClInclude>
    <ClInclude Include="..\Codes\Effect_BulletHole.h">
      <Filter>02.GameObject\07.VFX\00. Effect\00. BulletHole</Filter>
    </ClInclude>
    <ClInclude Include="..\Codes\Effect_BulletHit.h">
      <Filter>02.GameObject\07.VFX\00. Effect\01. BulletHit</Filter>
    </ClInclude>
    <ClInclude Include="..\Codes\Vfx.h">
      <Filter>02.GameObject\07.VFX</Filter>
    </ClInclude>
    <ClInclude Include="..\Codes\HittedCircle.h">
      <Filter>02.GameObject\99.UI\04.HittedCircle</Filter>
    </ClInclude>
    <ClInclude Include="..\Codes\Trigger.h">
      <Filter>02.GameObject\01.MapObject\03.Trigger</Filter>
    </ClInclude>
    <ClInclude Include="..\Codes\Effect_BloodSplit.h">
      <Filter>02.GameObject\07.VFX\00. Effect\02. BloodSplit\01.</Filter>
    </ClInclude>
    <ClInclude Include="..\Codes\Effect_RocketSmoke.h">
      <Filter>02.GameObject\07.VFX\00. Effect\03. Smoke</Filter>
    </ClInclude>
    <ClInclude Include="..\Codes\Effect_Explosion_Rocket.h">
      <Filter>02.GameObject\07.VFX\00. Effect\04. Explosion\01. Rocket</Filter>
    </ClInclude>
    <ClInclude Include="..\Codes\PickupItem.h">
      <Filter>02.GameObject\08.PickupItem</Filter>
    </ClInclude>
    <ClInclude Include="..\Codes\SoundMgr.h">
      <Filter>97.SoundMgr</Filter>
    </ClInclude>
    <ClInclude Include="..\Codes\Effect_Firewall.h">
      <Filter>02.GameObject\07.VFX\00. Effect\06. Firewall</Filter>
    </ClInclude>
    <ClInclude Include="..\Codes\Effect_Fireball.h">
      <Filter>02.GameObject\07.VFX\00. Effect\05. Fireball</Filter>
    </ClInclude>
    <ClInclude Include="..\Codes\OctaBrain.h">
      <Filter>02.GameObject\05.Monster\00.OctaBrain</Filter>
    </ClInclude>
    <ClInclude Include="..\Codes\OneUseObject.h">
      <Filter>02.GameObject\01.MapObject\01.Object\02.OneUseObject</Filter>
    </ClInclude>
    <ClInclude Include="..\Codes\Boss_Overload.h">
      <Filter>02.GameObject\09.Boss\00. Overload</Filter>
    </ClInclude>
    <ClInclude Include="..\Codes\PigMan.h" />
    <ClInclude Include="..\Codes\Trooper.h" />
  </ItemGroup>
  <ItemGroup>
    <ClCompile Include="Client.cpp">
      <Filter>99.Default</Filter>
    </ClCompile>
    <ClCompile Include="stdafx.cpp">
      <Filter>99.Default</Filter>
    </ClCompile>
    <ClCompile Include="..\Codes\MainApp.cpp">
      <Filter>00.MainApp</Filter>
    </ClCompile>
    <ClCompile Include="..\Codes\Logo.cpp">
      <Filter>01.Scene\00.Logo</Filter>
    </ClCompile>
    <ClCompile Include="..\Codes\Stage.cpp">
      <Filter>01.Scene\01.Stage</Filter>
    </ClCompile>
    <ClCompile Include="..\Codes\Player.cpp">
      <Filter>02.GameObject\00.Player</Filter>
    </ClCompile>
    <ClCompile Include="..\Codes\Terrain.cpp">
      <Filter>02.GameObject\01.MapObject\00.Terrain</Filter>
    </ClCompile>
    <ClCompile Include="..\Codes\LogoBack.cpp">
      <Filter>02.GameObject\02.LogoBack</Filter>
    </ClCompile>
    <ClCompile Include="..\Codes\Camera.cpp">
      <Filter>02.GameObject\03.Camera</Filter>
    </ClCompile>
    <ClCompile Include="..\Codes\Monster.cpp">
      <Filter>02.GameObject\05.Monster</Filter>
    </ClCompile>
    <ClCompile Include="..\Codes\Bullet.cpp">
      <Filter>02.GameObject\04.Bullet</Filter>
    </ClCompile>
    <ClCompile Include="..\Codes\TerrainCube.cpp">
      <Filter>02.GameObject\01.MapObject\00.Terrain\00.TerrainCube</Filter>
    </ClCompile>
    <ClCompile Include="..\Codes\TerrainRect.cpp">
      <Filter>02.GameObject\01.MapObject\00.Terrain\02.TerrainRect</Filter>
    </ClCompile>
    <ClCompile Include="..\Codes\TerrainWallCube.cpp">
      <Filter>02.GameObject\01.MapObject\00.Terrain\01.TerrainWallCube</Filter>
    </ClCompile>
    <ClCompile Include="..\Codes\UI.cpp">
      <Filter>02.GameObject\99.UI</Filter>
    </ClCompile>
    <ClCompile Include="..\Codes\CameraObserver.cpp">
      <Filter>03.Observer\00.CameraObserver</Filter>
    </ClCompile>
    <ClCompile Include="..\Codes\PlayerObserver.cpp">
      <Filter>03.Observer\01.PlayerObserver</Filter>
    </ClCompile>
    <ClCompile Include="..\Codes\Number.cpp">
      <Filter>02.GameObject\99.UI\00.Number</Filter>
    </ClCompile>
    <ClCompile Include="..\Codes\Door.cpp">
      <Filter>02.GameObject\01.MapObject\01.Object\00.Door</Filter>
    </ClCompile>
    <ClCompile Include="..\Codes\Elevator.cpp">
      <Filter>02.GameObject\01.MapObject\01.Object\01.Elevator</Filter>
    </ClCompile>
    <ClCompile Include="..\Codes\Weapon_Revolver.cpp">
      <Filter>02.GameObject\06.Weapon\00.Revolver</Filter>
    </ClCompile>
    <ClCompile Include="..\Codes\Weapon.cpp">
      <Filter>02.GameObject\06.Weapon</Filter>
    </ClCompile>
    <ClCompile Include="..\Codes\Weapon_SMG.cpp">
      <Filter>02.GameObject\06.Weapon\01. SMG</Filter>
    </ClCompile>
    <ClCompile Include="..\Codes\Raycast.cpp" />
    <ClCompile Include="..\Codes\Skybox.cpp">
      <Filter>02.GameObject\01.MapObject\02.Skybox</Filter>
    </ClCompile>
    <ClCompile Include="..\Codes\Aim.cpp">
      <Filter>02.GameObject\99.UI\01.Aim</Filter>
    </ClCompile>
    <ClCompile Include="..\Codes\Weapon_Pump.cpp">
      <Filter>02.GameObject\06.Weapon\02. Pump</Filter>
    </ClCompile>
    <ClCompile Include="..\Codes\Weapon_Rocket.cpp">
      <Filter>02.GameObject\06.Weapon\03. Rocket</Filter>
    </ClCompile>
    <ClCompile Include="..\Codes\GaugeBar.cpp">
      <Filter>02.GameObject\99.UI\02.GaugeBar</Filter>
    </ClCompile>
    <ClCompile Include="..\Codes\WeaponIcon.cpp">
      <Filter>02.GameObject\99.UI\03.WeaponIcon</Filter>
    </ClCompile>
    <ClCompile Include="..\Codes\Player_Hand.cpp">
      <Filter>02.GameObject\00.Player\00. Player_Hand</Filter>
    </ClCompile>
    <ClCompile Include="..\Codes\Effect_BulletHole.cpp">
      <Filter>02.GameObject\07.VFX\00. Effect\00. BulletHole</Filter>
    </ClCompile>
    <ClCompile Include="..\Codes\Effect_BulletHit.cpp">
      <Filter>02.GameObject\07.VFX\00. Effect\01. BulletHit</Filter>
    </ClCompile>
    <ClCompile Include="..\Codes\Vfx.cpp">
      <Filter>02.GameObject\07.VFX</Filter>
    </ClCompile>
    <ClCompile Include="..\Codes\HittedCircle.cpp">
      <Filter>02.GameObject\99.UI\04.HittedCircle</Filter>
    </ClCompile>
    <ClCompile Include="..\Codes\Trigger.cpp">
      <Filter>02.GameObject\01.MapObject\03.Trigger</Filter>
    </ClCompile>
    <ClCompile Include="..\Codes\Effect_BloodSplit.cpp">
      <Filter>02.GameObject\07.VFX\00. Effect\02. BloodSplit\01.</Filter>
    </ClCompile>
    <ClCompile Include="..\Codes\Effect_RocketSmoke.cpp">
      <Filter>02.GameObject\07.VFX\00. Effect\03. Smoke</Filter>
    </ClCompile>
    <ClCompile Include="..\Codes\Effect_Explosion_Rocket.cpp">
      <Filter>02.GameObject\07.VFX\00. Effect\04. Explosion\01. Rocket</Filter>
    </ClCompile>
    <ClCompile Include="..\Codes\PickupItem.cpp">
      <Filter>02.GameObject\08.PickupItem</Filter>
    </ClCompile>
    <ClCompile Include="..\Codes\SoundMgr.cpp">
      <Filter>97.SoundMgr</Filter>
    </ClCompile>
    <ClCompile Include="..\Codes\Effect_Firewall.cpp">
      <Filter>02.GameObject\07.VFX\00. Effect\06. Firewall</Filter>
    </ClCompile>
    <ClCompile Include="..\Codes\Effect_Fireball.cpp">
      <Filter>02.GameObject\07.VFX\00. Effect\05. Fireball</Filter>
    </ClCompile>
    <ClCompile Include="..\Codes\OctaBrain.cpp">
      <Filter>02.GameObject\05.Monster\00.OctaBrain</Filter>
    </ClCompile>
    <ClCompile Include="..\Codes\OneUseObject.cpp">
      <Filter>02.GameObject\01.MapObject\01.Object\02.OneUseObject</Filter>
    </ClCompile>
    <ClCompile Include="..\Codes\Boss_Overload.cpp">
      <Filter>02.GameObject\09.Boss\00. Overload</Filter>
    </ClCompile>
    <ClCompile Include="..\Codes\PigMan.cpp" />
    <ClCompile Include="..\Codes\Trooper.cpp" />
  </ItemGroup>
  <ItemGroup>
    <Image Include="Client.ico">
      <Filter>99.Default</Filter>
    </Image>
    <Image Include="small.ico">
      <Filter>99.Default</Filter>
    </Image>
  </ItemGroup>
  <ItemGroup>
    <ResourceCompile Include="Client.rc">
      <Filter>99.Default</Filter>
    </ResourceCompile>
  </ItemGroup>
</Project>